
Microsoft Visual Studio Solution File, Format Version 12.00
# Visual Studio Version 16
VisualStudioVersion = 16.0.31613.86
MinimumVisualStudioVersion = 10.0.40219.1
Project("{FAE04EC0-301F-11D3-BF4B-00C04F79EFBC}") = "WebAPIWithDapper", "WebAPIWithDapper.csproj", "{259EDDC9-B7FB-40A6-83EB-5E36F509E8EB}"
EndProject
Global
	GlobalSection(SolutionConfigurationPlatforms) = preSolution
		Debug|Any CPU = Debug|Any CPU
		Release|Any CPU = Release|Any CPU
	EndGlobalSection
	GlobalSection(ProjectConfigurationPlatforms) = postSolution
		{259EDDC9-B7FB-40A6-83EB-5E36F509E8EB}.Debug|Any CPU.ActiveCfg = Debug|Any CPU
		{259EDDC9-B7FB-40A6-83EB-5E36F509E8EB}.Debug|Any CPU.Build.0 = Debug|Any CPU
		{259EDDC9-B7FB-40A6-83EB-5E36F509E8EB}.Release|Any CPU.ActiveCfg = Release|Any CPU
		{259EDDC9-B7FB-40A6-83EB-5E36F509E8EB}.Release|Any CPU.Build.0 = Release|Any CPU
	EndGlobalSection
	GlobalSection(SolutionProperties) = preSolution
		HideSolutionNode = FALSE
	EndGlobalSection
	GlobalSection(ExtensibilityGlobals) = postSolution
		SolutionGuid = {01D914C5-F9F7-4005-B728-82FDF5C412D1}
	EndGlobalSection
EndGlobal
